
Microsoft Visual Studio Solution File, Format Version 12.00
# Visual Studio Version 17
VisualStudioVersion = 17.4.33403.182
MinimumVisualStudioVersion = 10.0.40219.1
Project("{FAE04EC0-301F-11D3-BF4B-00C04F79EFBC}") = "FilterDataGrid", "FilterDataGrid\FilterDataGrid.csproj", "{8F94C8C5-C5BD-464F-AB12-9DA7F7D95BCF}"
EndProject
Project("{FAE04EC0-301F-11D3-BF4B-00C04F79EFBC}") = "FilterDataGridDemo", "FilterDataGridDemo\FilterDataGridDemo.csproj", "{EDE7FAC8-F1CA-4C63-9AF1-6CFFE76F2292}"
EndProject
Global
	GlobalSection(SolutionConfigurationPlatforms) = preSolution
		Debug|Any CPU = Debug|Any CPU
		Release|Any CPU = Release|Any CPU
	EndGlobalSection
	GlobalSection(ProjectConfigurationPlatforms) = postSolution
		{8F94C8C5-C5BD-464F-AB12-9DA7F7D95BCF}.Debug|Any CPU.ActiveCfg = Debug|Any CPU
		{8F94C8C5-C5BD-464F-AB12-9DA7F7D95BCF}.Debug|Any CPU.Build.0 = Debug|Any CPU
		{8F94C8C5-C5BD-464F-AB12-9DA7F7D95BCF}.Release|Any CPU.ActiveCfg = Release|Any CPU
		{8F94C8C5-C5BD-464F-AB12-9DA7F7D95BCF}.Release|Any CPU.Build.0 = Release|Any CPU
		{EDE7FAC8-F1CA-4C63-9AF1-6CFFE76F2292}.Debug|Any CPU.ActiveCfg = Debug|Any CPU
		{EDE7FAC8-F1CA-4C63-9AF1-6CFFE76F2292}.Debug|Any CPU.Build.0 = Debug|Any CPU
		{EDE7FAC8-F1CA-4C63-9AF1-6CFFE76F2292}.Release|Any CPU.ActiveCfg = Release|Any CPU
		{EDE7FAC8-F1CA-4C63-9AF1-6CFFE76F2292}.Release|Any CPU.Build.0 = Release|Any CPU
	EndGlobalSection
	GlobalSection(SolutionProperties) = preSolution
		HideSolutionNode = FALSE
	EndGlobalSection
	GlobalSection(ExtensibilityGlobals) = postSolution
		SolutionGuid = {9EB82E79-07B2-4EE1-9150-E291DE4DB6C9}
	EndGlobalSection
EndGlobal
